Microsoft Visual Studio Solution File, Format Version 12.00
# Visual Studio 15
VisualStudioVersion = 15.0.26124.0
MinimumVisualStudioVersion = 15.0.26124.0
Project("{9A19103F-16F7-4668-BE54-9A1E7A4F7556}") = "Corxx.Domain", "Corxx.Domain\Corxx.Domain.csproj", "{DB904106-B324-4FDA-BCAD-520A996ACDD7}"
EndProject
Project("{9A19103F-16F7-4668-BE54-9A1E7A4F7556}") = "Corxx.Shared", "Corxx.Shared\Corxx.Shared.csproj", "{5C364390-AC9C-4F4A-87A2-BF7A0F202174}"
EndProject
Project("{2150E333-8FDC-42A3-9474-1A3956D46DE8}") = "2 - Domain", "2 - Domain", "{4CE7C0FA-9BEB-495E-AB7A-A73525AEA655}"
EndProject
Project("{2150E333-8FDC-42A3-9474-1A3956D46DE8}") = "src", "src", "{97C0CDA6-2E5D-48E0-8358-3419785317E1}"
EndProject
Project("{2150E333-8FDC-42A3-9474-1A3956D46DE8}") = "tests", "tests", "{A59BBCE9-9FD2-4D55-B9C0-94E6A548D176}"
EndProject
Project("{2150E333-8FDC-42A3-9474-1A3956D46DE8}") = "2 - Domain", "2 - Domain", "{EE50B53A-DF5C-4DCE-A98F-C3D502D8F1BA}"
EndProject
Project("{9A19103F-16F7-4668-BE54-9A1E7A4F7556}") = "Corxx.Infra", "Corxx.Infra\Corxx.Infra.csproj", "{73105880-DF82-4388-887C-6718380E044D}"
EndProject
Project("{2150E333-8FDC-42A3-9474-1A3956D46DE8}") = "3 - Infra", "3 - Infra", "{DC0A4126-FB4E-40E4-AA66-0C9F172D7BC1}"
EndProject
Project("{9A19103F-16F7-4668-BE54-9A1E7A4F7556}") = "Corxx.Infra.Services", "Corxx.Infra.Services\Corxx.Infra.Services.csproj", "{D2C9945C-8377-4DAE-AA09-81A144488F91}"
EndProject
Project("{9A19103F-16F7-4668-BE54-9A1E7A4F7556}") = "Corxx.Api", "Corxx.Api\Corxx.Api.csproj", "{7A25534B-98C8-40D6-8AC7-5060F662EDD8}"
EndProject
Project("{2150E333-8FDC-42A3-9474-1A3956D46DE8}") = "1 - Api", "1 - Api", "{C5D449BA-870C-4B29-A7BC-B591B4007860}"
EndProject
Project("{FAE04EC0-301F-11D3-BF4B-00C04F79EFBC}") = "Corxx.Domain.UnitTests", "Corxx.Domain.UnitTests\Corxx.Domain.UnitTests.csproj", "{D48DB72A-54CB-4AE1-AFE5-EFBCF2E02847}"
EndProject
Global
	GlobalSection(SolutionConfigurationPlatforms) = preSolution
		Debug|Any CPU = Debug|Any CPU
		Debug|x64 = Debug|x64
		Debug|x86 = Debug|x86
		Release|Any CPU = Release|Any CPU
		Release|x64 = Release|x64
		Release|x86 = Release|x86
	EndGlobalSection
	GlobalSection(ProjectConfigurationPlatforms) = postSolution
		{DB904106-B324-4FDA-BCAD-520A996ACDD7}.Debug|Any CPU.ActiveCfg = Debug|Any CPU
		{DB904106-B324-4FDA-BCAD-520A996ACDD7}.Debug|Any CPU.Build.0 = Debug|Any CPU
		{DB904106-B324-4FDA-BCAD-520A996ACDD7}.Debug|x64.ActiveCfg = Debug|Any CPU
		{DB904106-B324-4FDA-BCAD-520A996ACDD7}.Debug|x64.Build.0 = Debug|Any CPU
		{DB904106-B324-4FDA-BCAD-520A996ACDD7}.Debug|x86.ActiveCfg = Debug|Any CPU
		{DB904106-B324-4FDA-BCAD-520A996ACDD7}.Debug|x86.Build.0 = Debug|Any CPU
		{DB904106-B324-4FDA-BCAD-520A996ACDD7}.Release|Any CPU.ActiveCfg = Release|Any CPU
		{DB904106-B324-4FDA-BCAD-520A996ACDD7}.Release|Any CPU.Build.0 = Release|Any CPU
		{DB904106-B324-4FDA-BCAD-520A996ACDD7}.Release|x64.ActiveCfg = Release|Any CPU
		{DB904106-B324-4FDA-BCAD-520A996ACDD7}.Release|x64.Build.0 = Release|Any CPU
		{DB904106-B324-4FDA-BCAD-520A996ACDD7}.Release|x86.ActiveCfg = Release|Any CPU
		{DB904106-B324-4FDA-BCAD-520A996ACDD7}.Release|x86.Build.0 = Release|Any CPU
		{5C364390-AC9C-4F4A-87A2-BF7A0F202174}.Debug|Any CPU.ActiveCfg = Debug|Any CPU
		{5C364390-AC9C-4F4A-87A2-BF7A0F202174}.Debug|Any CPU.Build.0 = Debug|Any CPU
		{5C364390-AC9C-4F4A-87A2-BF7A0F202174}.Debug|x64.ActiveCfg = Debug|Any CPU
		{5C364390-AC9C-4F4A-87A2-BF7A0F202174}.Debug|x64.Build.0 = Debug|Any CPU
		{5C364390-AC9C-4F4A-87A2-BF7A0F202174}.Debug|x86.ActiveCfg = Debug|Any CPU
		{5C364390-AC9C-4F4A-87A2-BF7A0F202174}.Debug|x86.Build.0 = Debug|Any CPU
		{5C364390-AC9C-4F4A-87A2-BF7A0F202174}.Release|Any CPU.ActiveCfg = Release|Any CPU
		{5C364390-AC9C-4F4A-87A2-BF7A0F202174}.Release|Any CPU.Build.0 = Release|Any CPU
		{5C364390-AC9C-4F4A-87A2-BF7A0F202174}.Release|x64.ActiveCfg = Release|Any CPU
		{5C364390-AC9C-4F4A-87A2-BF7A0F202174}.Release|x64.Build.0 = Release|Any CPU
		{5C364390-AC9C-4F4A-87A2-BF7A0F202174}.Release|x86.ActiveCfg = Release|Any CPU
		{5C364390-AC9C-4F4A-87A2-BF7A0F202174}.Release|x86.Build.0 = Release|Any CPU
		{73105880-DF82-4388-887C-6718380E044D}.Debug|Any CPU.ActiveCfg = Debug|Any CPU
		{73105880-DF82-4388-887C-6718380E044D}.Debug|Any CPU.Build.0 = Debug|Any CPU
		{73105880-DF82-4388-887C-6718380E044D}.Debug|x64.ActiveCfg = Debug|Any CPU
		{73105880-DF82-4388-887C-6718380E044D}.Debug|x64.Build.0 = Debug|Any CPU
		{73105880-DF82-4388-887C-6718380E044D}.Debug|x86.ActiveCfg = Debug|Any CPU
		{73105880-DF82-4388-887C-6718380E044D}.Debug|x86.Build.0 = Debug|Any CPU
		{73105880-DF82-4388-887C-6718380E044D}.Release|Any CPU.ActiveCfg = Release|Any CPU
		{73105880-DF82-4388-887C-6718380E044D}.Release|Any CPU.Build.0 = Release|Any CPU
		{73105880-DF82-4388-887C-6718380E044D}.Release|x64.ActiveCfg = Release|Any CPU
		{73105880-DF82-4388-887C-6718380E044D}.Release|x64.Build.0 = Release|Any CPU
		{73105880-DF82-4388-887C-6718380E044D}.Release|x86.ActiveCfg = Release|Any CPU
		{73105880-DF82-4388-887C-6718380E044D}.Release|x86.Build.0 = Release|Any CPU
		{D2C9945C-8377-4DAE-AA09-81A144488F91}.Debug|Any CPU.ActiveCfg = Debug|Any CPU
		{D2C9945C-8377-4DAE-AA09-81A144488F91}.Debug|Any CPU.Build.0 = Debug|Any CPU
		{D2C9945C-8377-4DAE-AA09-81A144488F91}.Debug|x64.ActiveCfg = Debug|Any CPU
		{D2C9945C-8377-4DAE-AA09-81A144488F91}.Debug|x64.Build.0 = Debug|Any CPU
		{D2C9945C-8377-4DAE-AA09-81A144488F91}.Debug|x86.ActiveCfg = Debug|Any CPU
		{D2C9945C-8377-4DAE-AA09-81A144488F91}.Debug|x86.Build.0 = Debug|Any CPU
		{D2C9945C-8377-4DAE-AA09-81A144488F91}.Release|Any CPU.ActiveCfg = Release|Any CPU
		{D2C9945C-8377-4DAE-AA09-81A144488F91}.Release|Any CPU.Build.0 = Release|Any CPU
		{D2C9945C-8377-4DAE-AA09-81A144488F91}.Release|x64.ActiveCfg = Release|Any CPU
		{D2C9945C-8377-4DAE-AA09-81A144488F91}.Release|x64.Build.0 = Release|Any CPU
		{D2C9945C-8377-4DAE-AA09-81A144488F91}.Release|x86.ActiveCfg = Release|Any CPU
		{D2C9945C-8377-4DAE-AA09-81A144488F91}.Release|x86.Build.0 = Release|Any CPU
		{7A25534B-98C8-40D6-8AC7-5060F662EDD8}.Debug|Any CPU.ActiveCfg = Debug|Any CPU
		{7A25534B-98C8-40D6-8AC7-5060F662EDD8}.Debug|Any CPU.Build.0 = Debug|Any CPU
		{7A25534B-98C8-40D6-8AC7-5060F662EDD8}.Debug|x64.ActiveCfg = Debug|Any CPU
		{7A25534B-98C8-40D6-8AC7-5060F662EDD8}.Debug|x64.Build.0 = Debug|Any CPU
		{7A25534B-98C8-40D6-8AC7-5060F662EDD8}.Debug|x86.ActiveCfg = Debug|Any CPU
		{7A25534B-98C8-40D6-8AC7-5060F662EDD8}.Debug|x86.Build.0 = Debug|Any CPU
		{7A25534B-98C8-40D6-8AC7-5060F662EDD8}.Release|Any CPU.ActiveCfg = Release|Any CPU
		{7A25534B-98C8-40D6-8AC7-5060F662EDD8}.Release|Any CPU.Build.0 = Release|Any CPU
		{7A25534B-98C8-40D6-8AC7-5060F662EDD8}.Release|x64.ActiveCfg = Release|Any CPU
		{7A25534B-98C8-40D6-8AC7-5060F662EDD8}.Release|x64.Build.0 = Release|Any CPU
		{7A25534B-98C8-40D6-8AC7-5060F662EDD8}.Release|x86.ActiveCfg = Release|Any CPU
		{7A25534B-98C8-40D6-8AC7-5060F662EDD8}.Release|x86.Build.0 = Release|Any CPU
		{D48DB72A-54CB-4AE1-AFE5-EFBCF2E02847}.Debug|Any CPU.ActiveCfg = Debug|Any CPU
		{D48DB72A-54CB-4AE1-AFE5-EFBCF2E02847}.Debug|Any CPU.Build.0 = Debug|Any CPU
		{D48DB72A-54CB-4AE1-AFE5-EFBCF2E02847}.Debug|x64.ActiveCfg = Debug|Any CPU
		{D48DB72A-54CB-4AE1-AFE5-EFBCF2E02847}.Debug|x64.Build.0 = Debug|Any CPU
		{D48DB72A-54CB-4AE1-AFE5-EFBCF2E02847}.Debug|x86.ActiveCfg = Debug|Any CPU
		{D48DB72A-54CB-4AE1-AFE5-EFBCF2E02847}.Debug|x86.Build.0 = Debug|Any CPU
		{D48DB72A-54CB-4AE1-AFE5-EFBCF2E02847}.Release|Any CPU.ActiveCfg = Release|Any CPU
		{D48DB72A-54CB-4AE1-AFE5-EFBCF2E02847}.Release|Any CPU.Build.0 = Release|Any CPU
		{D48DB72A-54CB-4AE1-AFE5-EFBCF2E02847}.Release|x64.ActiveCfg = Release|Any CPU
		{D48DB72A-54CB-4AE1-AFE5-EFBCF2E02847}.Release|x64.Build.0 = Release|Any CPU
		{D48DB72A-54CB-4AE1-AFE5-EFBCF2E02847}.Release|x86.ActiveCfg = Release|Any CPU
		{D48DB72A-54CB-4AE1-AFE5-EFBCF2E02847}.Release|x86.Build.0 = Release|Any CPU
	EndGlobalSection
	GlobalSection(SolutionProperties) = preSolution
		HideSolutionNode = FALSE
	EndGlobalSection
	GlobalSection(NestedProjects) = preSolution
		{DB904106-B324-4FDA-BCAD-520A996ACDD7} = {4CE7C0FA-9BEB-495E-AB7A-A73525AEA655}
		{5C364390-AC9C-4F4A-87A2-BF7A0F202174} = {4CE7C0FA-9BEB-495E-AB7A-A73525AEA655}
		{4CE7C0FA-9BEB-495E-AB7A-A73525AEA655} = {97C0CDA6-2E5D-48E0-8358-3419785317E1}
		{EE50B53A-DF5C-4DCE-A98F-C3D502D8F1BA} = {A59BBCE9-9FD2-4D55-B9C0-94E6A548D176}
		{73105880-DF82-4388-887C-6718380E044D} = {DC0A4126-FB4E-40E4-AA66-0C9F172D7BC1}
		{DC0A4126-FB4E-40E4-AA66-0C9F172D7BC1} = {97C0CDA6-2E5D-48E0-8358-3419785317E1}
		{D2C9945C-8377-4DAE-AA09-81A144488F91} = {DC0A4126-FB4E-40E4-AA66-0C9F172D7BC1}
		{7A25534B-98C8-40D6-8AC7-5060F662EDD8} = {C5D449BA-870C-4B29-A7BC-B591B4007860}
		{C5D449BA-870C-4B29-A7BC-B591B4007860} = {97C0CDA6-2E5D-48E0-8358-3419785317E1}
		{D48DB72A-54CB-4AE1-AFE5-EFBCF2E02847} = {EE50B53A-DF5C-4DCE-A98F-C3D502D8F1BA}
	EndGlobalSection
	GlobalSection(ExtensibilityGlobals) = postSolution
		SolutionGuid = {0AFBDA37-FED5-4CC1-842F-CB2C5B889DC4}
	EndGlobalSection
EndGlobal
